
Microsoft Visual Studio Solution File, Format Version 12.00
# Visual Studio Version 17
VisualStudioVersion = 17.12.35527.113 d17.12
MinimumVisualStudioVersion = 10.0.40219.1
Project("{FAE04EC0-301F-11D3-BF4B-00C04F79EFBC}") = "PetNameGenerator.API", "PetNameGenerator.API\PetNameGenerator.API.csproj", "{ED64021E-2142-4C6D-8FF8-60101A26402E}"
EndProject
Global
	GlobalSection(SolutionConfigurationPlatforms) = preSolution
		Debug|Any CPU = Debug|Any CPU
		Release|Any CPU = Release|Any CPU
	EndGlobalSection
	GlobalSection(ProjectConfigurationPlatforms) = postSolution
		{ED64021E-2142-4C6D-8FF8-60101A26402E}.Debug|Any CPU.ActiveCfg = Debug|Any CPU
		{ED64021E-2142-4C6D-8FF8-60101A26402E}.Debug|Any CPU.Build.0 = Debug|Any CPU
		{ED64021E-2142-4C6D-8FF8-60101A26402E}.Release|Any CPU.ActiveCfg = Release|Any CPU
		{ED64021E-2142-4C6D-8FF8-60101A26402E}.Release|Any CPU.Build.0 = Release|Any CPU
	EndGlobalSection
	GlobalSection(SolutionProperties) = preSolution
		HideSolutionNode = FALSE
	EndGlobalSection
EndGlobal
